{
  "projects": [
    {
      "projectId": "gvZmCBEn1URTZWQ5E6hHJp",
      "version": "0.3.0",
      "dependencies": {},
      "lang": "js",
      "fileLocks": [
        {
          "assetId": "gvZmCBEn1URTZWQ5E6hHJp",
          "type": "projectCss",
          "checksum": "e1ec850476829c38b0f9b6d4f7ac446a"
        }
      ],
      "codegenVersion": "0.0.1"
    },
    {
      "projectId": "kpio2pzukKRJkKg6SSrKTe",
      "version": "0.1.0",
      "dependencies": {},
      "lang": "js",
      "fileLocks": [
        {
          "assetId": "kpio2pzukKRJkKg6SSrKTe",
          "type": "projectCss",
          "checksum": "e1ec850476829c38b0f9b6d4f7ac446a"
        }
      ],
      "codegenVersion": "0.0.1"
    },
    {
      "projectId": "caTPwKxj5ZrD9LQ7DMdK4Z",
      "version": "3.36.0",
      "dependencies": {},
      "lang": "js",
      "fileLocks": [
        {
          "assetId": "caTPwKxj5ZrD9LQ7DMdK4Z",
          "type": "projectCss",
          "checksum": "e1ec850476829c38b0f9b6d4f7ac446a"
        }
      ],
      "codegenVersion": "0.0.1"
    },
    {
      "projectId": "8PtdGodUbexNYgkuyBUcWu",
      "version": "3.24.0",
      "dependencies": {},
      "lang": "js",
      "fileLocks": [
        {
          "assetId": "8PtdGodUbexNYgkuyBUcWu",
          "type": "projectCss",
          "checksum": "938244692ddaafd351b253f33afb418e"
        },
        {
          "assetId": "8PtdGodUbexNYgkuyBUcWu",
          "checksum": "34a063f27f0b27a7d1d344bc6b5252c5",
          "type": "globalContexts"
        }
      ],
      "codegenVersion": "0.0.1"
    },
    {
      "projectId": "sqPBLwEBBKHA2WDuGb17eV",
      "version": "0.12.0",
      "dependencies": {},
      "lang": "js",
      "fileLocks": [
        {
          "assetId": "sqPBLwEBBKHA2WDuGb17eV",
          "type": "projectCss",
          "checksum": "e1ec850476829c38b0f9b6d4f7ac446a"
        },
        {
          "type": "renderModule",
          "assetId": "5nirPCGmCnRD",
          "checksum": "9f602d76ae66313b63f4ec38d2970419"
        },
        {
          "type": "cssRules",
          "assetId": "5nirPCGmCnRD",
          "checksum": "9f602d76ae66313b63f4ec38d2970419"
        },
        {
          "type": "icon",
          "assetId": "Wyt3GMMsLefj",
          "checksum": "d8c88f04735c43b3f7790b0889d20e0c"
        },
        {
          "type": "icon",
          "assetId": "MbDRsJU0e3bw",
          "checksum": "92672aa6935120ebaac11939d8d127bb"
        }
      ],
      "codegenVersion": "0.0.1"
    },
    {
      "projectId": "9Vr5YWkf3w7jj6SsTcCEta",
      "version": "0.10.0",
      "dependencies": {},
      "lang": "js",
      "fileLocks": [
        {
          "assetId": "9Vr5YWkf3w7jj6SsTcCEta",
          "type": "projectCss",
          "checksum": "e1ec850476829c38b0f9b6d4f7ac446a"
        }
      ],
      "codegenVersion": "0.0.1"
    },
    {
      "projectId": "jkU633o1Cz7HrJdwdxhVHk",
      "version": "16.10.0",
      "dependencies": {},
      "lang": "js",
      "fileLocks": [
        {
          "assetId": "jkU633o1Cz7HrJdwdxhVHk",
          "type": "projectCss",
          "checksum": "0581d4378bb1604bb5fe3f65bb0a37de"
        }
      ],
      "codegenVersion": "0.0.1"
    },
    {
      "projectId": "ohDidvG9XsCeFumugENU3J",
      "version": "6.24.0",
      "dependencies": {},
      "lang": "js",
      "fileLocks": [
        {
          "assetId": "ohDidvG9XsCeFumugENU3J",
          "type": "projectCss",
          "checksum": "fd83b730367fdbde2c69bc6cf31c2a3c"
        },
        {
          "assetId": "ohDidvG9XsCeFumugENU3J",
          "checksum": "de0a0e65174a6a185a8f822af51c6bdd",
          "type": "globalContexts"
        }
      ],
      "codegenVersion": "0.0.1"
    },
    {
      "projectId": "rhtpiygehaYPHyZZdWmjau",
      "version": "latest",
      "dependencies": {
        "ohDidvG9XsCeFumugENU3J": "6.24.0",
        "jkU633o1Cz7HrJdwdxhVHk": "16.10.0",
        "9Vr5YWkf3w7jj6SsTcCEta": "0.10.0",
        "sqPBLwEBBKHA2WDuGb17eV": "0.12.0",
        "8PtdGodUbexNYgkuyBUcWu": "3.24.0",
        "caTPwKxj5ZrD9LQ7DMdK4Z": "3.36.0",
        "kpio2pzukKRJkKg6SSrKTe": "0.1.0",
        "gvZmCBEn1URTZWQ5E6hHJp": "0.3.0"
      },
      "lang": "js",
      "fileLocks": [
        {
          "type": "globalVariant",
          "assetId": "CFxTZuLpC2oc",
          "checksum": "776d9d037c4c3277696891b84d2da77f"
        },
        {
          "assetId": "rhtpiygehaYPHyZZdWmjau",
          "type": "projectCss",
          "checksum": "a26de8110647b2f3306dd8ce2f494608"
        },
        {
          "assetId": "rhtpiygehaYPHyZZdWmjau",
          "checksum": "90a6d615f24da60fa90bbfa65b6202c2",
          "type": "globalContexts"
        },
        {
          "type": "renderModule",
          "assetId": "6pm2mgONK1uD",
          "checksum": "99b9a93e646d09c7cceacbe4c78005ad"
        },
        {
          "type": "cssRules",
          "assetId": "6pm2mgONK1uD",
          "checksum": "99b9a93e646d09c7cceacbe4c78005ad"
        },
        {
          "type": "renderModule",
          "assetId": "Edn2p44wXKWw",
          "checksum": "387c96b65a7b345cdcfeafb1b409a91f"
        },
        {
          "type": "cssRules",
          "assetId": "Edn2p44wXKWw",
          "checksum": "387c96b65a7b345cdcfeafb1b409a91f"
        },
        {
          "type": "renderModule",
          "assetId": "qqkvSQ_XaOae",
          "checksum": "18006a91ab2ac8e33b59e2a41c589bd1"
        },
        {
          "type": "cssRules",
          "assetId": "qqkvSQ_XaOae",
          "checksum": "18006a91ab2ac8e33b59e2a41c589bd1"
        },
        {
          "type": "renderModule",
          "assetId": "lDqK0BqxjV32",
          "checksum": "8580ac09e55e201d959fee2807c9f4c0"
        },
        {
          "type": "cssRules",
          "assetId": "lDqK0BqxjV32",
          "checksum": "8580ac09e55e201d959fee2807c9f4c0"
        },
        {
          "type": "renderModule",
          "assetId": "ejt2_Xh6tCty",
          "checksum": "4882f5652242925f812dd5a39b499f64"
        },
        {
          "type": "cssRules",
          "assetId": "ejt2_Xh6tCty",
          "checksum": "4882f5652242925f812dd5a39b499f64"
        },
        {
          "type": "renderModule",
          "assetId": "U0Wek-az3TXP",
          "checksum": "e5d8b95c9ccf566882a77e6dbc46ed5e"
        },
        {
          "type": "cssRules",
          "assetId": "U0Wek-az3TXP",
          "checksum": "e5d8b95c9ccf566882a77e6dbc46ed5e"
        },
        {
          "type": "renderModule",
          "assetId": "QSkz72uIMwAY",
          "checksum": "7a0a00e40afb0a9d3c131df39dae1d29"
        },
        {
          "type": "cssRules",
          "assetId": "QSkz72uIMwAY",
          "checksum": "7a0a00e40afb0a9d3c131df39dae1d29"
        },
        {
          "type": "renderModule",
          "assetId": "zYKS2FXDESZB",
          "checksum": "486796aaa33cfbc5def80b49fa841dd5"
        },
        {
          "type": "cssRules",
          "assetId": "zYKS2FXDESZB",
          "checksum": "486796aaa33cfbc5def80b49fa841dd5"
        },
        {
          "type": "renderModule",
          "assetId": "0Re2ao-UpkEe",
          "checksum": "19b5bd629311657be8da27d37ea98242"
        },
        {
          "type": "cssRules",
          "assetId": "0Re2ao-UpkEe",
          "checksum": "19b5bd629311657be8da27d37ea98242"
        },
        {
          "type": "renderModule",
          "assetId": "fRC85Ctx5Ezf",
          "checksum": "40c62d1128a8aaec449efa802e50bd0c"
        },
        {
          "type": "cssRules",
          "assetId": "fRC85Ctx5Ezf",
          "checksum": "40c62d1128a8aaec449efa802e50bd0c"
        },
        {
          "type": "renderModule",
          "assetId": "3G-AeCF6EfiK",
          "checksum": "cd95c4246584ff94dac1c82867f0bee2"
        },
        {
          "type": "cssRules",
          "assetId": "3G-AeCF6EfiK",
          "checksum": "cd95c4246584ff94dac1c82867f0bee2"
        },
        {
          "type": "renderModule",
          "assetId": "R-HR0MebKBYO",
          "checksum": "5b76ecb4ea6404315cd444249a568710"
        },
        {
          "type": "cssRules",
          "assetId": "R-HR0MebKBYO",
          "checksum": "5b76ecb4ea6404315cd444249a568710"
        },
        {
          "type": "renderModule",
          "assetId": "hMvFr8gCB8DJ",
          "checksum": "9d50a64ba911e955a8a8ece11052c189"
        },
        {
          "type": "cssRules",
          "assetId": "hMvFr8gCB8DJ",
          "checksum": "9d50a64ba911e955a8a8ece11052c189"
        },
        {
          "type": "renderModule",
          "assetId": "5_oWxrfwjDGD",
          "checksum": "c441e70eca5e5addbc1a6e91a17ff30d"
        },
        {
          "type": "cssRules",
          "assetId": "5_oWxrfwjDGD",
          "checksum": "c441e70eca5e5addbc1a6e91a17ff30d"
        },
        {
          "type": "renderModule",
          "assetId": "Llxk4nE61vv7",
          "checksum": "fd401705eb160b86528400e66f91b35a"
        },
        {
          "type": "cssRules",
          "assetId": "Llxk4nE61vv7",
          "checksum": "fd401705eb160b86528400e66f91b35a"
        },
        {
          "type": "renderModule",
          "assetId": "vGT8E4MFM0KX",
          "checksum": "e02a1e3afeffca68d0333ea7c1f4e379"
        },
        {
          "type": "cssRules",
          "assetId": "vGT8E4MFM0KX",
          "checksum": "e02a1e3afeffca68d0333ea7c1f4e379"
        },
        {
          "type": "icon",
          "assetId": "7lgcYbuwSreh",
          "checksum": "633b382dbef1a70bdf7eee148a9f750f"
        },
        {
          "type": "icon",
          "assetId": "xcQvxocjw31V",
          "checksum": "1834ba1ae454cc339088ade2d3c71745"
        },
        {
          "type": "icon",
          "assetId": "8fi_Wz7yA_3h",
          "checksum": "e0780be89f5f36906fd2c511dbd8ce3f"
        },
        {
          "type": "icon",
          "assetId": "bWFXn-pt8Sv3",
          "checksum": "0a8e0b345e86f383cd1e8a3a31ce0eea"
        },
        {
          "type": "icon",
          "assetId": "CDvAS2pq5jAo",
          "checksum": "a056e1f5cd51b3350d2d42ee234fa1f7"
        },
        {
          "type": "icon",
          "assetId": "jBdKoa71QH5x",
          "checksum": "5789ffbaf96d86f8f869ca605f595420"
        },
        {
          "type": "icon",
          "assetId": "tv0nbhrPwX7f",
          "checksum": "7c291088f35457b16488050c6fd09e7a"
        },
        {
          "type": "icon",
          "assetId": "UqAfT7OnJ-SL",
          "checksum": "a04786807ab50fe102fdec868649065d"
        },
        {
          "type": "icon",
          "assetId": "HiwwD1Z8hfWs",
          "checksum": "92dd3c390dd35d5778dd2eda81964bab"
        },
        {
          "type": "icon",
          "assetId": "9B7bHel8A1Fm",
          "checksum": "134e304e92b30a4511a333f8583eb995"
        },
        {
          "type": "icon",
          "assetId": "Gnv4x1UGHIiv",
          "checksum": "8a03723b257bf1fe85a539f3828ad70d"
        },
        {
          "type": "image",
          "assetId": "xmkp4qnnlR1o",
          "checksum": "acb4b95025b0e2e03f79a79a81365d15"
        },
        {
          "type": "image",
          "assetId": "QMvE00xegeic",
          "checksum": "cf70fa13a308b83aaddc3aaebe6943fc"
        },
        {
          "type": "image",
          "assetId": "zyuNBi3xX2N5",
          "checksum": "6f49741385ac859d1c440b94329a0caa"
        },
        {
          "type": "image",
          "assetId": "Tn0ktk-1TkPt",
          "checksum": "2a7704d178c1d1ec6531fd51f8a46e3c"
        },
        {
          "type": "image",
          "assetId": "FxEy_ojx3Xjq",
          "checksum": "1256066ea530b5c88ba734996afce5e2"
        },
        {
          "type": "image",
          "assetId": "QzXeCs-COfQb",
          "checksum": "e7e13409ab801b6fa28cc0dba6abc9c1"
        },
        {
          "type": "image",
          "assetId": "QWnjBTExnqnL",
          "checksum": "dd727767305173639a90573b81821711"
        },
        {
          "type": "image",
          "assetId": "aSkuBolGbAc0",
          "checksum": "87b4c1cc0f250c2bcf333b2650ce3e54"
        },
        {
          "type": "image",
          "assetId": "obf7mPHBttos",
          "checksum": "37d931e73ec8ca381711840d278297e9"
        },
        {
          "type": "image",
          "assetId": "nN5lkmKtSoJl",
          "checksum": "3c8c327f23c5543bdb0b6439f64b0866"
        }
      ],
      "codegenVersion": "0.0.1"
    }
  ],
  "cliVersion": "0.1.330"
}
